// !$*UTF8*$!
{
	archiveVersion = 1;
	classes = {
	};
	objectVersion = 56;
	objects = {

/* Begin PBXBuildFile section */
		9F021F132C60C1C800F05183 /* SwiftUIElements.swift in Sources */ = {isa = PBXBuildFile; fileRef = 9F021F122C60C1C800F05183 /* SwiftUIElements.swift */; };
		9F021F162C60C55A00F05183 /* OneWayBinding.swift in Sources */ = {isa = PBXBuildFile; fileRef = 9F021F152C60C55A00F05183 /* OneWayBinding.swift */; };
		9F021F182C60C7D000F05183 /* CounterSample.swift in Sources */ = {isa = PBXBuildFile; fileRef = 9F021F172C60C7D000F05183 /* CounterSample.swift */; };
		9F021F1A2C60CA2500F05183 /* ToggleSample.swift in Sources */ = {isa = PBXBuildFile; fileRef = 9F021F192C60CA2500F05183 /* ToggleSample.swift */; };
		9F021F1C2C60CDDB00F05183 /* StateArraySample.swift in Sources */ = {isa = PBXBuildFile; fileRef = 9F021F1B2C60CDDB00F05183 /* StateArraySample.swift */; };
		9F021F1E2C60D3DA00F05183 /* TextInputSample.swift in Sources */ = {isa = PBXBuildFile; fileRef = 9F021F1D2C60D3DA00F05183 /* TextInputSample.swift */; };
		9F021F202C60E4E200F05183 /* KDVCalc.swift in Sources */ = {isa = PBXBuildFile; fileRef = 9F021F1F2C60E4E200F05183 /* KDVCalc.swift */; };
		9F537E302C65088E005C2D50 /* Alamofire in Frameworks */ = {isa = PBXBuildFile; productRef = 9F537E2F2C65088E005C2D50 /* Alamofire */; settings = {ATTRIBUTES = (Required, ); }; };
		9F537E352C650951005C2D50 /* CategoryList.swift in Sources */ = {isa = PBXBuildFile; fileRef = 9F537E342C650951005C2D50 /* CategoryList.swift */; };
		9F537E3A2C6636D7005C2D50 /* ToDoList.swift in Sources */ = {isa = PBXBuildFile; fileRef = 9F537E392C6636D7005C2D50 /* ToDoList.swift */; };
		9F537E3C2C6653F5005C2D50 /* AddCategory.swift in Sources */ = {isa = PBXBuildFile; fileRef = 9F537E3B2C6653F5005C2D50 /* AddCategory.swift */; };
		9F537E3F2C68D8B7005C2D50 /* StorageCounterSample.swift in Sources */ = {isa = PBXBuildFile; fileRef = 9F537E3E2C68D8B7005C2D50 /* StorageCounterSample.swift */; };
		9F8775252C6A618600C34B03 /* metalBands.swift in Sources */ = {isa = PBXBuildFile; fileRef = 9F8775242C6A618600C34B03 /* metalBands.swift */; };
		9F8775272C6A637300C34B03 /* Detail.swift in Sources */ = {isa = PBXBuildFile; fileRef = 9F8775262C6A637200C34B03 /* Detail.swift */; };
		9FE120A42C4EC4A30000FADC /* SwiftUITutorialApp.swift in Sources */ = {isa = PBXBuildFile; fileRef = 9FE120A32C4EC4A30000FADC /* SwiftUITutorialApp.swift */; };
		9FE120A62C4EC4A30000FADC /* ContentView.swift in Sources */ = {isa = PBXBuildFile; fileRef = 9FE120A52C4EC4A30000FADC /* ContentView.swift */; };
		9FE120A82C4EC4A60000FADC /* Assets.xcassets in Resources */ = {isa = PBXBuildFile; fileRef = 9FE120A72C4EC4A60000FADC /* Assets.xcassets */; };
		9FE120AB2C4EC4A60000FADC /* Preview Assets.xcassets in Resources */ = {isa = PBXBuildFile; fileRef = 9FE120AA2C4EC4A60000FADC /* Preview Assets.xcassets */; };
/* End PBXBuildFile section */

/* Begin PBXCopyFilesBuildPhase section */
		9F537E382C650AE3005C2D50 /* Embed Frameworks */ = {
			isa = PBXCopyFilesBuildPhase;
			buildActionMask = 2147483647;
			dstPath = "";
			dstSubfolderSpec = 10;
			files = (
			);
			name = "Embed Frameworks";
			runOnlyForDeploymentPostprocessing = 0;
		};
/* End PBXCopyFilesBuildPhase section */

/* Begin PBXFileReference section */
		9F021F122C60C1C800F05183 /* SwiftUIElements.swift */ = {isa = PBXFileReference; lastKnownFileType = sourcecode.swift; path = SwiftUIElements.swift; sourceTree = "<group>"; };
		9F021F152C60C55A00F05183 /* OneWayBinding.swift */ = {isa = PBXFileReference; lastKnownFileType = sourcecode.swift; path = OneWayBinding.swift; sourceTree = "<group>"; };
		9F021F172C60C7D000F05183 /* CounterSample.swift */ = {isa = PBXFileReference; lastKnownFileType = sourcecode.swift; path = CounterSample.swift; sourceTree = "<group>"; };
		9F021F192C60CA2500F05183 /* ToggleSample.swift */ = {isa = PBXFileReference; lastKnownFileType = sourcecode.swift; path = ToggleSample.swift; sourceTree = "<group>"; };
		9F021F1B2C60CDDB00F05183 /* StateArraySample.swift */ = {isa = PBXFileReference; lastKnownFileType = sourcecode.swift; path = StateArraySample.swift; sourceTree = "<group>"; };
		9F021F1D2C60D3DA00F05183 /* TextInputSample.swift */ = {isa = PBXFileReference; lastKnownFileType = sourcecode.swift; path = TextInputSample.swift; sourceTree = "<group>"; };
		9F021F1F2C60E4E200F05183 /* KDVCalc.swift */ = {isa = PBXFileReference; lastKnownFileType = sourcecode.swift; path = KDVCalc.swift; sourceTree = "<group>"; };
		9F537E342C650951005C2D50 /* CategoryList.swift */ = {isa = PBXFileReference; lastKnownFileType = sourcecode.swift; path = CategoryList.swift; sourceTree = "<group>"; };
		9F537E392C6636D7005C2D50 /* ToDoList.swift */ = {isa = PBXFileReference; lastKnownFileType = sourcecode.swift; path = ToDoList.swift; sourceTree = "<group>"; };
		9F537E3B2C6653F5005C2D50 /* AddCategory.swift */ = {isa = PBXFileReference; lastKnownFileType = sourcecode.swift; path = AddCategory.swift; sourceTree = "<group>"; };
		9F537E3E2C68D8B7005C2D50 /* StorageCounterSample.swift */ = {isa = PBXFileReference; lastKnownFileType = sourcecode.swift; path = StorageCounterSample.swift; sourceTree = "<group>"; };
		9F8775242C6A618600C34B03 /* metalBands.swift */ = {isa = PBXFileReference; lastKnownFileType = sourcecode.swift; path = metalBands.swift; sourceTree = "<group>"; };
		9F8775262C6A637200C34B03 /* Detail.swift */ = {isa = PBXFileReference; lastKnownFileType = sourcecode.swift; path = Detail.swift; sourceTree = "<group>"; };
		9FE120A02C4EC4A30000FADC /* SwiftUITutorial.app */ = {isa = PBXFileReference; explicitFileType = wrapper.application; includeInIndex = 0; path = SwiftUITutorial.app; sourceTree = BUILT_PRODUCTS_DIR; };
		9FE120A32C4EC4A30000FADC /* SwiftUITutorialApp.swift */ = {isa = PBXFileReference; lastKnownFileType = sourcecode.swift; path = SwiftUITutorialApp.swift; sourceTree = "<group>"; };
		9FE120A52C4EC4A30000FADC /* ContentView.swift */ = {isa = PBXFileReference; lastKnownFileType = sourcecode.swift; path = ContentView.swift; sourceTree = "<group>"; };
		9FE120A72C4EC4A60000FADC /* Assets.xcassets */ = {isa = PBXFileReference; lastKnownFileType = folder.assetcatalog; path = Assets.xcassets; sourceTree = "<group>"; };
		9FE120AA2C4EC4A60000FADC /* Preview Assets.xcassets */ = {isa = PBXFileReference; lastKnownFileType = folder.assetcatalog; path = "Preview Assets.xcassets"; sourceTree = "<group>"; };
/* End PBXFileReference section */

/* Begin PBXFrameworksBuildPhase section */
		9FE1209D2C4EC4A30000FADC /* Frameworks */ = {
			isa = PBXFrameworksBuildPhase;
			buildActionMask = 2147483647;
			files = (
				9F537E302C65088E005C2D50 /* Alamofire in Frameworks */,
			);
			runOnlyForDeploymentPostprocessing = 0;
		};
/* End PBXFrameworksBuildPhase section */

/* Begin PBXGroup section */
		9F021F112C60C0FC00F05183 /* SwiftUIElements */ = {
			isa = PBXGroup;
			children = (
				9F021F122C60C1C800F05183 /* SwiftUIElements.swift */,
			);
			path = SwiftUIElements;
			sourceTree = "<group>";
		};
		9F021F142C60C53D00F05183 /* StateSample */ = {
			isa = PBXGroup;
			children = (
				9F021F152C60C55A00F05183 /* OneWayBinding.swift */,
				9F021F172C60C7D000F05183 /* CounterSample.swift */,
				9F021F192C60CA2500F05183 /* ToggleSample.swift */,
				9F021F1B2C60CDDB00F05183 /* StateArraySample.swift */,
				9F021F1D2C60D3DA00F05183 /* TextInputSample.swift */,
				9F021F1F2C60E4E200F05183 /* KDVCalc.swift */,
			);
			path = StateSample;
			sourceTree = "<group>";
		};
		9F537E332C6508AD005C2D50 /* AlamofireSample */ = {
			isa = PBXGroup;
			children = (
				9F537E342C650951005C2D50 /* CategoryList.swift */,
				9F537E392C6636D7005C2D50 /* ToDoList.swift */,
				9F537E3B2C6653F5005C2D50 /* AddCategory.swift */,
			);
			path = AlamofireSample;
			sourceTree = "<group>";
		};
		9F537E362C650A31005C2D50 /* Frameworks */ = {
			isa = PBXGroup;
			children = (
			);
			name = Frameworks;
			sourceTree = "<group>";
		};
		9F537E3D2C68D876005C2D50 /* StorageSample */ = {
			isa = PBXGroup;
			children = (
				9F537E3E2C68D8B7005C2D50 /* StorageCounterSample.swift */,
			);
			path = StorageSample;
			sourceTree = "<group>";
		};
		9F8775232C6A617700C34B03 /* NavigationIntro */ = {
			isa = PBXGroup;
			children = (
				9F8775242C6A618600C34B03 /* metalBands.swift */,
				9F8775262C6A637200C34B03 /* Detail.swift */,
			);
			path = NavigationIntro;
			sourceTree = "<group>";
		};
		9FE120972C4EC4A30000FADC = {
			isa = PBXGroup;
			children = (
				9FE120A22C4EC4A30000FADC /* SwiftUITutorial */,
				9FE120A12C4EC4A30000FADC /* Products */,
				9F537E362C650A31005C2D50 /* Frameworks */,
			);
			sourceTree = "<group>";
		};
		9FE120A12C4EC4A30000FADC /* Products */ = {
			isa = PBXGroup;
			children = (
				9FE120A02C4EC4A30000FADC /* SwiftUITutorial.app */,
			);
			name = Products;
			sourceTree = "<group>";
		};
		9FE120A22C4EC4A30000FADC /* SwiftUITutorial */ = {
			isa = PBXGroup;
			children = (
				9F8775232C6A617700C34B03 /* NavigationIntro */,
				9F537E3D2C68D876005C2D50 /* StorageSample */,
				9F537E332C6508AD005C2D50 /* AlamofireSample */,
				9F021F142C60C53D00F05183 /* StateSample */,
				9F021F112C60C0FC00F05183 /* SwiftUIElements */,
				9FE120A32C4EC4A30000FADC /* SwiftUITutorialApp.swift */,
				9FE120A52C4EC4A30000FADC /* ContentView.swift */,
				9FE120A72C4EC4A60000FADC /* Assets.xcassets */,
				9FE120A92C4EC4A60000FADC /* Preview Content */,
			);
			path = SwiftUITutorial;
			sourceTree = "<group>";
		};
		9FE120A92C4EC4A60000FADC /* Preview Content */ = {
			isa = PBXGroup;
			children = (
				9FE120AA2C4EC4A60000FADC /* Preview Assets.xcassets */,
			);
			path = "Preview Content";
			sourceTree = "<group>";
		};
/* End PBXGroup section */

/* Begin PBXNativeTarget section */
		9FE1209F2C4EC4A30000FADC /* SwiftUITutorial */ = {
			isa = PBXNativeTarget;
			buildConfigurationList = 9FE120AE2C4EC4A60000FADC /* Build configuration list for PBXNativeTarget "SwiftUITutorial" */;
			buildPhases = (
				9FE1209C2C4EC4A30000FADC /* Sources */,
				9FE1209D2C4EC4A30000FADC /* Frameworks */,
				9FE1209E2C4EC4A30000FADC /* Resources */,
				9F537E382C650AE3005C2D50 /* Embed Frameworks */,
			);
			buildRules = (
			);
			dependencies = (
			);
			name = SwiftUITutorial;
			packageProductDependencies = (
				9F537E2F2C65088E005C2D50 /* Alamofire */,
			);
			productName = SwiftUITutorial;
			productReference = 9FE120A02C4EC4A30000FADC /* SwiftUITutorial.app */;
			productType = "com.apple.product-type.application";
		};
/* End PBXNativeTarget section */

/* Begin PBXProject section */
		9FE120982C4EC4A30000FADC /* Project object */ = {
			isa = PBXProject;
			attributes = {
				BuildIndependentTargetsInParallel = 1;
				LastSwiftUpdateCheck = 1540;
				LastUpgradeCheck = 1540;
				TargetAttributes = {
					9FE1209F2C4EC4A30000FADC = {
						CreatedOnToolsVersion = 15.4;
					};
				};
			};
			buildConfigurationList = 9FE1209B2C4EC4A30000FADC /* Build configuration list for PBXProject "SwiftUITutorial" */;
			compatibilityVersion = "Xcode 14.0";
			developmentRegion = en;
			hasScannedForEncodings = 0;
			knownRegions = (
				en,
				Base,
			);
			mainGroup = 9FE120972C4EC4A30000FADC;
			packageReferences = (
				9F537E2E2C65088E005C2D50 /* XCRemoteSwiftPackageReference "Alamofire" */,
			);
			productRefGroup = 9FE120A12C4EC4A30000FADC /* Products */;
			projectDirPath = "";
			projectRoot = "";
			targets = (
				9FE1209F2C4EC4A30000FADC /* SwiftUITutorial */,
			);
		};
/* End PBXProject section */

/* Begin PBXResourcesBuildPhase section */
		9FE1209E2C4EC4A30000FADC /* Resources */ = {
			isa = PBXResourcesBuildPhase;
			buildActionMask = 2147483647;
			files = (
				9FE120AB2C4EC4A60000FADC /* Preview Assets.xcassets in Resources */,
				9FE120A82C4EC4A60000FADC /* Assets.xcassets in Resources */,
			);
			runOnlyForDeploymentPostprocessing = 0;
		};
/* End PBXResourcesBuildPhase section */

/* Begin PBXSourcesBuildPhase section */
		9FE1209C2C4EC4A30000FADC /* Sources */ = {
			isa = PBXSourcesBuildPhase;
			buildActionMask = 2147483647;
			files = (
				9FE120A62C4EC4A30000FADC /* ContentView.swift in Sources */,
				9F021F182C60C7D000F05183 /* CounterSample.swift in Sources */,
				9FE120A42C4EC4A30000FADC /* SwiftUITutorialApp.swift in Sources */,
				9F537E3A2C6636D7005C2D50 /* ToDoList.swift in Sources */,
				9F021F1A2C60CA2500F05183 /* ToggleSample.swift in Sources */,
				9F537E3F2C68D8B7005C2D50 /* StorageCounterSample.swift in Sources */,
				9F021F132C60C1C800F05183 /* SwiftUIElements.swift in Sources */,
				9F021F202C60E4E200F05183 /* KDVCalc.swift in Sources */,
				9F021F162C60C55A00F05183 /* OneWayBinding.swift in Sources */,
				9F537E352C650951005C2D50 /* CategoryList.swift in Sources */,
				9F021F1C2C60CDDB00F05183 /* StateArraySample.swift in Sources */,
				9F8775272C6A637300C34B03 /* Detail.swift in Sources */,
				9F021F1E2C60D3DA00F05183 /* TextInputSample.swift in Sources */,
				9F8775252C6A618600C34B03 /* metalBands.swift in Sources */,
				9F537E3C2C6653F5005C2D50 /* AddCategory.swift in Sources */,
			);
			runOnlyForDeploymentPostprocessing = 0;
		};
/* End PBXSourcesBuildPhase section */

/* Begin XCBuildConfiguration section */
		9FE120AC2C4EC4A60000FADC /* Debug */ = {
			isa = XCBuildConfiguration;
			buildSettings = {
				ALWAYS_SEARCH_USER_PATHS = NO;
				ASSETCATALOG_COMPILER_GENERATE_SWIFT_ASSET_SYMBOL_EXTENSIONS = YES;
				CLANG_ANALYZER_NONNULL = YES;
				CLANG_ANALYZER_NUMBER_OBJECT_CONVERSION = YES_AGGRESSIVE;
				CLANG_CXX_LANGUAGE_STANDARD = "gnu++20";
				CLANG_ENABLE_MODULES = YES;
				CLANG_ENABLE_OBJC_ARC = YES;
				CLANG_ENABLE_OBJC_WEAK = YES;
				CLANG_WARN_BLOCK_CAPTURE_AUTORELEASING = YES;
				CLANG_WARN_BOOL_CONVERSION = YES;
				CLANG_WARN_COMMA = YES;
				CLANG_WARN_CONSTANT_CONVERSION = YES;
				CLANG_WARN_DEPRECATED_OBJC_IMPLEMENTATIONS = YES;
				CLANG_WARN_DIRECT_OBJC_ISA_USAGE = YES_ERROR;
				CLANG_WARN_DOCUMENTATION_COMMENTS = YES;
				CLANG_WARN_EMPTY_BODY = YES;
				CLANG_WARN_ENUM_CONVERSION = YES;
				CLANG_WARN_INFINITE_RECURSION = YES;
				CLANG_WARN_INT_CONVERSION = YES;
				CLANG_WARN_NON_LITERAL_NULL_CONVERSION = YES;
				CLANG_WARN_OBJC_IMPLICIT_RETAIN_SELF = YES;
				CLANG_WARN_OBJC_LITERAL_CONVERSION = YES;
				CLANG_WARN_OBJC_ROOT_CLASS = YES_ERROR;
				CLANG_WARN_QUOTED_INCLUDE_IN_FRAMEWORK_HEADER = YES;
				CLANG_WARN_RANGE_LOOP_ANALYSIS = YES;
				CLANG_WARN_STRICT_PROTOTYPES = YES;
				CLANG_WARN_SUSPICIOUS_MOVE = YES;
				CLANG_WARN_UNGUARDED_AVAILABILITY = YES_AGGRESSIVE;
				CLANG_WARN_UNREACHABLE_CODE = YES;
				CLANG_WARN__DUPLICATE_METHOD_MATCH = YES;
				COPY_PHASE_STRIP = NO;
				DEBUG_INFORMATION_FORMAT = dwarf;
				ENABLE_STRICT_OBJC_MSGSEND = YES;
				ENABLE_TESTABILITY = YES;
				ENABLE_USER_SCRIPT_SANDBOXING = YES;
				GCC_C_LANGUAGE_STANDARD = gnu17;
				GCC_DYNAMIC_NO_PIC = NO;
				GCC_NO_COMMON_BLOCKS = YES;
				GCC_OPTIMIZATION_LEVEL = 0;
				GCC_PREPROCESSOR_DEFINITIONS = (
					"DEBUG=1",
					"$(inherited)",
				);
				GCC_WARN_64_TO_32_BIT_CONVERSION = YES;
				GCC_WARN_ABOUT_RETURN_TYPE = YES_ERROR;
				GCC_WARN_UNDECLARED_SELECTOR = YES;
				GCC_WARN_UNINITIALIZED_AUTOS = YES_AGGRESSIVE;
				GCC_WARN_UNUSED_FUNCTION = YES;
				GCC_WARN_UNUSED_VARIABLE = YES;
				IPHONEOS_DEPLOYMENT_TARGET = 17.5;
				LOCALIZATION_PREFERS_STRING_CATALOGS = YES;
				MTL_ENABLE_DEBUG_INFO = INCLUDE_SOURCE;
				MTL_FAST_MATH = YES;
				ONLY_ACTIVE_ARCH = YES;
				SDKROOT = iphoneos;
				SWIFT_ACTIVE_COMPILATION_CONDITIONS = "DEBUG $(inherited)";
				SWIFT_OPTIMIZATION_LEVEL = "-Onone";
			};
			name = Debug;
		};
		9FE120AD2C4EC4A60000FADC /* Release */ = {
			isa = XCBuildConfiguration;
			buildSettings = {
				ALWAYS_SEARCH_USER_PATHS = NO;
				ASSETCATALOG_COMPILER_GENERATE_SWIFT_ASSET_SYMBOL_EXTENSIONS = YES;
				CLANG_ANALYZER_NONNULL = YES;
				CLANG_ANALYZER_NUMBER_OBJECT_CONVERSION = YES_AGGRESSIVE;
				CLANG_CXX_LANGUAGE_STANDARD = "gnu++20";
				CLANG_ENABLE_MODULES = YES;
				CLANG_ENABLE_OBJC_ARC = YES;
				CLANG_ENABLE_OBJC_WEAK = YES;
				CLANG_WARN_BLOCK_CAPTURE_AUTORELEASING = YES;
				CLANG_WARN_BOOL_CONVERSION = YES;
				CLANG_WARN_COMMA = YES;
				CLANG_WARN_CONSTANT_CONVERSION = YES;
				CLANG_WARN_DEPRECATED_OBJC_IMPLEMENTATIONS = YES;
				CLANG_WARN_DIRECT_OBJC_ISA_USAGE = YES_ERROR;
				CLANG_WARN_DOCUMENTATION_COMMENTS = YES;
				CLANG_WARN_EMPTY_BODY = YES;
				CLANG_WARN_ENUM_CONVERSION = YES;
				CLANG_WARN_INFINITE_RECURSION = YES;
				CLANG_WARN_INT_CONVERSION = YES;
				CLANG_WARN_NON_LITERAL_NULL_CONVERSION = YES;
				CLANG_WARN_OBJC_IMPLICIT_RETAIN_SELF = YES;
				CLANG_WARN_OBJC_LITERAL_CONVERSION = YES;
				CLANG_WARN_OBJC_ROOT_CLASS = YES_ERROR;
				CLANG_WARN_QUOTED_INCLUDE_IN_FRAMEWORK_HEADER = YES;
				CLANG_WARN_RANGE_LOOP_ANALYSIS = YES;
				CLANG_WARN_STRICT_PROTOTYPES = YES;
				CLANG_WARN_SUSPICIOUS_MOVE = YES;
				CLANG_WARN_UNGUARDED_AVAILABILITY = YES_AGGRESSIVE;
				CLANG_WARN_UNREACHABLE_CODE = YES;
				CLANG_WARN__DUPLICATE_METHOD_MATCH = YES;
				COPY_PHASE_STRIP = NO;
				DEBUG_INFORMATION_FORMAT = "dwarf-with-dsym";
				ENABLE_NS_ASSERTIONS = NO;
				ENABLE_STRICT_OBJC_MSGSEND = YES;
				ENABLE_USER_SCRIPT_SANDBOXING = YES;
				GCC_C_LANGUAGE_STANDARD = gnu17;
				GCC_NO_COMMON_BLOCKS = YES;
				GCC_WARN_64_TO_32_BIT_CONVERSION = YES;
				GCC_WARN_ABOUT_RETURN_TYPE = YES_ERROR;
				GCC_WARN_UNDECLARED_SELECTOR = YES;
				GCC_WARN_UNINITIALIZED_AUTOS = YES_AGGRESSIVE;
				GCC_WARN_UNUSED_FUNCTION = YES;
				GCC_WARN_UNUSED_VARIABLE = YES;
				IPHONEOS_DEPLOYMENT_TARGET = 17.5;
				LOCALIZATION_PREFERS_STRING_CATALOGS = YES;
				MTL_ENABLE_DEBUG_INFO = NO;
				MTL_FAST_MATH = YES;
				SDKROOT = iphoneos;
				SWIFT_COMPILATION_MODE = wholemodule;
				VALIDATE_PRODUCT = YES;
			};
			name = Release;
		};
		9FE120AF2C4EC4A60000FADC /* Debug */ = {
			isa = XCBuildConfiguration;
			buildSettings = {
				ASSETCATALOG_COMPILER_APPICON_NAME = AppIcon;
				ASSETCATALOG_COMPILER_GLOBAL_ACCENT_COLOR_NAME = AccentColor;
				CODE_SIGN_STYLE = Automatic;
				CURRENT_PROJECT_VERSION = 1;
				DEVELOPMENT_ASSET_PATHS = "\"SwiftUITutorial/Preview Content\"";
				ENABLE_PREVIEWS = YES;
				GENERATE_INFOPLIST_FILE = YES;
				INFOPLIST_KEY_UIApplicationSceneManifest_Generation = YES;
				INFOPLIST_KEY_UIApplicationSupportsIndirectInputEvents = YES;
				INFOPLIST_KEY_UILaunchScreen_Generation = YES;
				INFOPLIST_KEY_UISupportedInterfaceOrientations_iPad = "UIInterfaceOrientationPortrait UIInterfaceOrientationPortraitUpsideDown UIInterfaceOrientationLandscapeLeft UIInterfaceOrientationLandscapeRight";
				INFOPLIST_KEY_UISupportedInterfaceOrientations_iPhone = "UIInterfaceOrientationPortrait UIInterfaceOrientationLandscapeLeft UIInterfaceOrientationLandscapeRight";
				LD_RUNPATH_SEARCH_PATHS = (
					"$(inherited)",
					"@executable_path/Frameworks",
				);
				MARKETING_VERSION = 1.0;
				PRODUCT_BUNDLE_IDENTIFIER = com.hasankilic.SwiftUITutorial;
				PRODUCT_NAME = "$(TARGET_NAME)";
				SWIFT_EMIT_LOC_STRINGS = YES;
				SWIFT_VERSION = 5.0;
				TARGETED_DEVICE_FAMILY = "1,2";
			};
			name = Debug;
		};
		9FE120B02C4EC4A60000FADC /* Release */ = {
			isa = XCBuildConfiguration;
			buildSettings = {
				ASSETCATALOG_COMPILER_APPICON_NAME = AppIcon;
				ASSETCATALOG_COMPILER_GLOBAL_ACCENT_COLOR_NAME = AccentColor;
				CODE_SIGN_STYLE = Automatic;
				CURRENT_PROJECT_VERSION = 1;
				DEVELOPMENT_ASSET_PATHS = "\"SwiftUITutorial/Preview Content\"";
				ENABLE_PREVIEWS = YES;
				GENERATE_INFOPLIST_FILE = YES;
				INFOPLIST_KEY_UIApplicationSceneManifest_Generation = YES;
				INFOPLIST_KEY_UIApplicationSupportsIndirectInputEvents = YES;
				INFOPLIST_KEY_UILaunchScreen_Generation = YES;
				INFOPLIST_KEY_UISupportedInterfaceOrientations_iPad = "UIInterfaceOrientationPortrait UIInterfaceOrientationPortraitUpsideDown UIInterfaceOrientationLandscapeLeft UIInterfaceOrientationLandscapeRight";
				INFOPLIST_KEY_UISupportedInterfaceOrientations_iPhone = "UIInterfaceOrientationPortrait UIInterfaceOrientationLandscapeLeft UIInterfaceOrientationLandscapeRight";
				LD_RUNPATH_SEARCH_PATHS = (
					"$(inherited)",
					"@executable_path/Frameworks",
				);
				MARKETING_VERSION = 1.0;
				PRODUCT_BUNDLE_IDENTIFIER = com.hasankilic.SwiftUITutorial;
				PRODUCT_NAME = "$(TARGET_NAME)";
				SWIFT_EMIT_LOC_STRINGS = YES;
				SWIFT_VERSION = 5.0;
				TARGETED_DEVICE_FAMILY = "1,2";
			};
			name = Release;
		};
/* End XCBuildConfiguration section */

/* Begin XCConfigurationList section */
		9FE1209B2C4EC4A30000FADC /* Build configuration list for PBXProject "SwiftUITutorial" */ = {
			isa = XCConfigurationList;
			buildConfigurations = (
				9FE120AC2C4EC4A60000FADC /* Debug */,
				9FE120AD2C4EC4A60000FADC /* Release */,
			);
			defaultConfigurationIsVisible = 0;
			defaultConfigurationName = Release;
		};
		9FE120AE2C4EC4A60000FADC /* Build configuration list for PBXNativeTarget "SwiftUITutorial" */ = {
			isa = XCConfigurationList;
			buildConfigurations = (
				9FE120AF2C4EC4A60000FADC /* Debug */,
				9FE120B02C4EC4A60000FADC /* Release */,
			);
			defaultConfigurationIsVisible = 0;
			defaultConfigurationName = Release;
		};
/* End XCConfigurationList section */

/* Begin XCRemoteSwiftPackageReference section */
		9F537E2E2C65088E005C2D50 /* XCRemoteSwiftPackageReference "Alamofire" */ = {
			isa = XCRemoteSwiftPackageReference;
			repositoryURL = "https://github.com/Alamofire/Alamofire.git";
			requirement = {
				kind = upToNextMajorVersion;
				minimumVersion = 5.9.1;
			};
		};
/* End XCRemoteSwiftPackageReference section */

/* Begin XCSwiftPackageProductDependency section */
		9F537E2F2C65088E005C2D50 /* Alamofire */ = {
			isa = XCSwiftPackageProductDependency;
			package = 9F537E2E2C65088E005C2D50 /* XCRemoteSwiftPackageReference "Alamofire" */;
			productName = Alamofire;
		};
/* End XCSwiftPackageProductDependency section */
	};
	rootObject = 9FE120982C4EC4A30000FADC /* Project object */;
}
